
Microsoft Visual Studio Solution File, Format Version 12.00
# Visual Studio Version 16
VisualStudioVersion = 16.0.30907.101
MinimumVisualStudioVersion = 10.0.40219.1
Project("{FAE04EC0-301F-11D3-BF4B-00C04F79EFBC}") = "DataAccess", "DataAccess\DataAccess.csproj", "{4E4A8CA2-B3D8-4DD8-8E88-7C4B8E020F98}"
EndProject
Project("{FAE04EC0-301F-11D3-BF4B-00C04F79EFBC}") = "Business", "Business\Business.csproj", "{3817DAB5-85C8-4056-BBDA-6287D1571E9E}"
EndProject
Project("{FAE04EC0-301F-11D3-BF4B-00C04F79EFBC}") = "Entities", "Entities\Entities.csproj", "{280F08E4-4DBE-4C76-A39B-ACBE07794614}"
EndProject
Project("{FAE04EC0-301F-11D3-BF4B-00C04F79EFBC}") = "ConsoleUI", "ConsoleUI\ConsoleUI.csproj", "{68D910E0-AECE-4E8B-9EF3-3D1B8278CF90}"
EndProject
Global
	GlobalSection(SolutionConfigurationPlatforms) = preSolution
		Debug|Any CPU = Debug|Any CPU
		Release|Any CPU = Release|Any CPU
	EndGlobalSection
	GlobalSection(ProjectConfigurationPlatforms) = postSolution
		{4E4A8CA2-B3D8-4DD8-8E88-7C4B8E020F98}.Debug|Any CPU.ActiveCfg = Debug|Any CPU
		{4E4A8CA2-B3D8-4DD8-8E88-7C4B8E020F98}.Debug|Any CPU.Build.0 = Debug|Any CPU
		{4E4A8CA2-B3D8-4DD8-8E88-7C4B8E020F98}.Release|Any CPU.ActiveCfg = Release|Any CPU
		{4E4A8CA2-B3D8-4DD8-8E88-7C4B8E020F98}.Release|Any CPU.Build.0 = Release|Any CPU
		{3817DAB5-85C8-4056-BBDA-6287D1571E9E}.Debug|Any CPU.ActiveCfg = Debug|Any CPU
		{3817DAB5-85C8-4056-BBDA-6287D1571E9E}.Debug|Any CPU.Build.0 = Debug|Any CPU
		{3817DAB5-85C8-4056-BBDA-6287D1571E9E}.Release|Any CPU.ActiveCfg = Release|Any CPU
		{3817DAB5-85C8-4056-BBDA-6287D1571E9E}.Release|Any CPU.Build.0 = Release|Any CPU
		{280F08E4-4DBE-4C76-A39B-ACBE07794614}.Debug|Any CPU.ActiveCfg = Debug|Any CPU
		{280F08E4-4DBE-4C76-A39B-ACBE07794614}.Debug|Any CPU.Build.0 = Debug|Any CPU
		{280F08E4-4DBE-4C76-A39B-ACBE07794614}.Release|Any CPU.ActiveCfg = Release|Any CPU
		{280F08E4-4DBE-4C76-A39B-ACBE07794614}.Release|Any CPU.Build.0 = Release|Any CPU
		{68D910E0-AECE-4E8B-9EF3-3D1B8278CF90}.Debug|Any CPU.ActiveCfg = Debug|Any CPU
		{68D910E0-AECE-4E8B-9EF3-3D1B8278CF90}.Debug|Any CPU.Build.0 = Debug|Any CPU
		{68D910E0-AECE-4E8B-9EF3-3D1B8278CF90}.Release|Any CPU.ActiveCfg = Release|Any CPU
		{68D910E0-AECE-4E8B-9EF3-3D1B8278CF90}.Release|Any CPU.Build.0 = Release|Any CPU
	EndGlobalSection
	GlobalSection(SolutionProperties) = preSolution
		HideSolutionNode = FALSE
	EndGlobalSection
	GlobalSection(ExtensibilityGlobals) = postSolution
		SolutionGuid = {F39C550B-0FFA-44F4-850F-02964254725F}
	EndGlobalSection
EndGlobal
